{
  "name": "isi4-dev-mobile-grp5-theme2",
  "lockfileVersion": 3,
  "requires": true,
  "packages": {
    "": {
      "dependencies": {
        "dexie": "^4.0.10"
      }
    },
    "node_modules/dexie": {
      "version": "4.0.10",
      "resolved": "https://registry.npmjs.org/dexie/-/dexie-4.0.10.tgz",
      "integrity": "sha512-eM2RzuR3i+M046r2Q0Optl3pS31qTWf8aFuA7H9wnsHTwl8EPvroVLwvQene/6paAs39Tbk6fWZcn2aZaHkc/w=="
    }
  }
}
